
Microsoft Visual Studio Solution File, Format Version 12.00
Project("{FAE04EC0-301F-11D3-BF4B-00C04F79EFBC}") = "HcGuid", "HcGuid.csproj", "{BB0C5542-73F6-4089-A3A9-C41033E5409C}"
EndProject
Global
	GlobalSection(SolutionConfigurationPlatforms) = preSolution
		Debug|Any CPU = Debug|Any CPU
		Release|Any CPU = Release|Any CPU
	EndGlobalSection
	GlobalSection(ProjectConfigurationPlatforms) = postSolution
		{BB0C5542-73F6-4089-A3A9-C41033E5409C}.Debug|Any CPU.ActiveCfg = Debug|Any CPU
		{BB0C5542-73F6-4089-A3A9-C41033E5409C}.Debug|Any CPU.Build.0 = Debug|Any CPU
		{BB0C5542-73F6-4089-A3A9-C41033E5409C}.Release|Any CPU.ActiveCfg = Release|Any CPU
		{BB0C5542-73F6-4089-A3A9-C41033E5409C}.Release|Any CPU.Build.0 = Release|Any CPU
	EndGlobalSection
EndGlobal
